
Microsoft Visual Studio Solution File, Format Version 12.00
# Visual Studio Version 17
VisualStudioVersion = 17.3.32804.467
MinimumVisualStudioVersion = 10.0.40219.1
Project("{FAE04EC0-301F-11D3-BF4B-00C04F79EFBC}") = "PdfEncrypter", "PdfEncrypter.csproj", "{8F7233DD-17BF-4E57-880B-30C9DF2BC72B}"
EndProject
Global
	GlobalSection(SolutionConfigurationPlatforms) = preSolution
		Debug|Any CPU = Debug|Any CPU
		Release|Any CPU = Release|Any CPU
	EndGlobalSection
	GlobalSection(ProjectConfigurationPlatforms) = postSolution
		{8F7233DD-17BF-4E57-880B-30C9DF2BC72B}.Debug|Any CPU.ActiveCfg = Debug|Any CPU
		{8F7233DD-17BF-4E57-880B-30C9DF2BC72B}.Debug|Any CPU.Build.0 = Debug|Any CPU
		{8F7233DD-17BF-4E57-880B-30C9DF2BC72B}.Release|Any CPU.ActiveCfg = Release|Any CPU
		{8F7233DD-17BF-4E57-880B-30C9DF2BC72B}.Release|Any CPU.Build.0 = Release|Any CPU
	EndGlobalSection
	GlobalSection(SolutionProperties) = preSolution
		HideSolutionNode = FALSE
	EndGlobalSection
	GlobalSection(ExtensibilityGlobals) = postSolution
		SolutionGuid = {6A54B7D3-81C7-4A32-8226-9F8AD4466D52}
	EndGlobalSection
EndGlobal
